
Microsoft Visual Studio Solution File, Format Version 12.00
# Visual Studio Version 16
VisualStudioVersion = 16.0.30503.244
MinimumVisualStudioVersion = 10.0.40219.1
Project("{FAE04EC0-301F-11D3-BF4B-00C04F79EFBC}") = "ServerTCP", "TCP\ServerTCP.csproj", "{EB793F5A-E817-440D-9543-7299B67B685E}"
EndProject
Project("{FAE04EC0-301F-11D3-BF4B-00C04F79EFBC}") = "ClientTCP", "ClientTCP\ClientTCP.csproj", "{55C77599-5B27-43CC-A0C0-F25B149AFCFB}"
EndProject
Global
	GlobalSection(SolutionConfigurationPlatforms) = preSolution
		Debug|Any CPU = Debug|Any CPU
		Release|Any CPU = Release|Any CPU
	EndGlobalSection
	GlobalSection(ProjectConfigurationPlatforms) = postSolution
		{EB793F5A-E817-440D-9543-7299B67B685E}.Debug|Any CPU.ActiveCfg = Debug|Any CPU
		{EB793F5A-E817-440D-9543-7299B67B685E}.Debug|Any CPU.Build.0 = Debug|Any CPU
		{EB793F5A-E817-440D-9543-7299B67B685E}.Release|Any CPU.ActiveCfg = Release|Any CPU
		{EB793F5A-E817-440D-9543-7299B67B685E}.Release|Any CPU.Build.0 = Release|Any CPU
		{55C77599-5B27-43CC-A0C0-F25B149AFCFB}.Debug|Any CPU.ActiveCfg = Debug|Any CPU
		{55C77599-5B27-43CC-A0C0-F25B149AFCFB}.Debug|Any CPU.Build.0 = Debug|Any CPU
		{55C77599-5B27-43CC-A0C0-F25B149AFCFB}.Release|Any CPU.ActiveCfg = Release|Any CPU
		{55C77599-5B27-43CC-A0C0-F25B149AFCFB}.Release|Any CPU.Build.0 = Release|Any CPU
	EndGlobalSection
	GlobalSection(SolutionProperties) = preSolution
		HideSolutionNode = FALSE
	EndGlobalSection
	GlobalSection(ExtensibilityGlobals) = postSolution
		SolutionGuid = {33F2E3D9-A11D-475C-9F94-986DAA76546C}
	EndGlobalSection
EndGlobal
